// !$*UTF8*$!
{
	archiveVersion = 1;
	classes = {
	};
	objectVersion = 46;
	objects = {

/* Begin PBXBuildFile section */
		58F817781F26F14400C7B26F /* main.m in Sources */ = {isa = PBXBuildFile; fileRef = 58F817771F26F14400C7B26F /* main.m */; };
		58F8177B1F26F14400C7B26F /* AppDelegate.m in Sources */ = {isa = PBXBuildFile; fileRef = 58F8177A1F26F14400C7B26F /* AppDelegate.m */; };
		58F8177E1F26F14400C7B26F /* ViewController.m in Sources */ = {isa = PBXBuildFile; fileRef = 58F8177D1F26F14400C7B26F /* ViewController.m */; };
		58F817811F26F14400C7B26F /* Main.storyboard in Resources */ = {isa = PBXBuildFile; fileRef = 58F8177F1F26F14400C7B26F /* Main.storyboard */; };
		58F817831F26F14400C7B26F /* Assets.xcassets in Resources */ = {isa = PBXBuildFile; fileRef = 58F817821F26F14400C7B26F /* Assets.xcassets */; };
		58F817861F26F14500C7B26F /* LaunchScreen.storyboard in Resources */ = {isa = PBXBuildFile; fileRef = 58F817841F26F14500C7B26F /* LaunchScreen.storyboard */; };
/* End PBXBuildFile section */

/* Begin PBXFileReference section */
		58F817731F26F14300C7B26F /* 圆弧界面.app */ = {isa = PBXFileReference; explicitFileType = wrapper.application; includeInIndex = 0; path = "圆弧界面.app"; sourceTree = BUILT_PRODUCTS_DIR; };
		58F817771F26F14400C7B26F /* main.m */ = {isa = PBXFileReference; lastKnownFileType = sourcecode.c.objc; path = main.m; sourceTree = "<group>"; };
		58F817791F26F14400C7B26F /* AppDelegate.h */ = {isa = PBXFileReference; lastKnownFileType = sourcecode.c.h; path = AppDelegate.h; sourceTree = "<group>"; };
		58F8177A1F26F14400C7B26F /* AppDelegate.m */ = {isa = PBXFileReference; lastKnownFileType = sourcecode.c.objc; path = AppDelegate.m; sourceTree = "<group>"; };
		58F8177C1F26F14400C7B26F /* ViewController.h */ = {isa = PBXFileReference; lastKnownFileType = sourcecode.c.h; path = ViewController.h; sourceTree = "<group>"; };
		58F8177D1F26F14400C7B26F /* ViewController.m */ = {isa = PBXFileReference; lastKnownFileType = sourcecode.c.objc; path = ViewController.m; sourceTree = "<group>"; };
		58F817801F26F14400C7B26F /* Base */ = {isa = PBXFileReference; lastKnownFileType = file.storyboard; name = Base; path = Base.lproj/Main.storyboard; sourceTree = "<group>"; };
		58F817821F26F14400C7B26F /* Assets.xcassets */ = {isa = PBXFileReference; lastKnownFileType = folder.assetcatalog; path = Assets.xcassets; sourceTree = "<group>"; };
		58F817851F26F14500C7B26F /* Base */ = {isa = PBXFileReference; lastKnownFileType = file.storyboard; name = Base; path = Base.lproj/LaunchScreen.storyboard; sourceTree = "<group>"; };
		58F817871F26F14500C7B26F /* Info.plist */ = {isa = PBXFileReference; lastKnownFileType = text.plist.xml; path = Info.plist; sourceTree = "<group>"; };
/* End PBXFileReference section */

/* Begin PBXFrameworksBuildPhase section */
		58F817701F26F14300C7B26F /* Frameworks */ = {
			isa = PBXFrameworksBuildPhase;
			buildActionMask = 2147483647;
			files = (
			);
			runOnlyForDeploymentPostprocessing = 0;
		};
/* End PBXFrameworksBuildPhase section */

/* Begin PBXGroup section */
		58F8176A1F26F14300C7B26F = {
			isa = PBXGroup;
			children = (
				58F817751F26F14300C7B26F /* 圆弧界面 */,
				58F817741F26F14300C7B26F /* Products */,
			);
			sourceTree = "<group>";
		};
		58F817741F26F14300C7B26F /* Products */ = {
			isa = PBXGroup;
			children = (
				58F817731F26F14300C7B26F /* 圆弧界面.app */,
			);
			name = Products;
			sourceTree = "<group>";
		};
		58F817751F26F14300C7B26F /* 圆弧界面 */ = {
			isa = PBXGroup;
			children = (
				58F817791F26F14400C7B26F /* AppDelegate.h */,
				58F8177A1F26F14400C7B26F /* AppDelegate.m */,
				58F8177C1F26F14400C7B26F /* ViewController.h */,
				58F8177D1F26F14400C7B26F /* ViewController.m */,
				58F8177F1F26F14400C7B26F /* Main.storyboard */,
				58F817821F26F14400C7B26F /* Assets.xcassets */,
				58F817841F26F14500C7B26F /* LaunchScreen.storyboard */,
				58F817871F26F14500C7B26F /* Info.plist */,
				58F817761F26F14400C7B26F /* Supporting Files */,
			);
			path = "圆弧界面";
			sourceTree = "<group>";
		};
		58F817761F26F14400C7B26F /* Supporting Files */ = {
			isa = PBXGroup;
			children = (
				58F817771F26F14400C7B26F /* main.m */,
			);
			name = "Supporting Files";
			sourceTree = "<group>";
		};
/* End PBXGroup section */

/* Begin PBXNativeTarget section */
		58F817721F26F14300C7B26F /* 圆弧界面 */ = {
			isa = PBXNativeTarget;
			buildConfigurationList = 58F8178A1F26F14500C7B26F /* Build configuration list for PBXNativeTarget "圆弧界面" */;
			buildPhases = (
				58F8176F1F26F14300C7B26F /* Sources */,
				58F817701F26F14300C7B26F /* Frameworks */,
				58F817711F26F14300C7B26F /* Resources */,
			);
			buildRules = (
			);
			dependencies = (
			);
			name = "圆弧界面";
			productName = "圆弧界面";
			productReference = 58F817731F26F14300C7B26F /* 圆弧界面.app */;
			productType = "com.apple.product-type.application";
		};
/* End PBXNativeTarget section */

/* Begin PBXProject section */
		58F8176B1F26F14300C7B26F /* Project object */ = {
			isa = PBXProject;
			attributes = {
				LastUpgradeCheck = 0830;
				ORGANIZATIONNAME = mm;
				TargetAttributes = {
					58F817721F26F14300C7B26F = {
						CreatedOnToolsVersion = 8.3.3;
						DevelopmentTeam = NYG3WRTB5X;
						ProvisioningStyle = Automatic;
					};
				};
			};
			buildConfigurationList = 58F8176E1F26F14300C7B26F /* Build configuration list for PBXProject "圆弧界面" */;
			compatibilityVersion = "Xcode 3.2";
			developmentRegion = English;
			hasScannedForEncodings = 0;
			knownRegions = (
				en,
				Base,
			);
			mainGroup = 58F8176A1F26F14300C7B26F;
			productRefGroup = 58F817741F26F14300C7B26F /* Products */;
			projectDirPath = "";
			projectRoot = "";
			targets = (
				58F817721F26F14300C7B26F /* 圆弧界面 */,
			);
		};
/* End PBXProject section */

/* Begin PBXResourcesBuildPhase section */
		58F817711F26F14300C7B26F /* Resources */ = {
			isa = PBXResourcesBuildPhase;
			buildActionMask = 2147483647;
			files = (
				58F817861F26F14500C7B26F /* LaunchScreen.storyboard in Resources */,
				58F817831F26F14400C7B26F /* Assets.xcassets in Resources */,
				58F817811F26F14400C7B26F /* Main.storyboard in Resources */,
			);
			runOnlyForDeploymentPostprocessing = 0;
		};
/* End PBXResourcesBuildPhase section */

/* Begin PBXSourcesBuildPhase section */
		58F8176F1F26F14300C7B26F /* Sources */ = {
			isa = PBXSourcesBuildPhase;
			buildActionMask = 2147483647;
			files = (
				58F8177E1F26F14400C7B26F /* ViewController.m in Sources */,
				58F8177B1F26F14400C7B26F /* AppDelegate.m in Sources */,
				58F817781F26F14400C7B26F /* main.m in Sources */,
			);
			runOnlyForDeploymentPostprocessing = 0;
		};
/* End PBXSourcesBuildPhase section */

/* Begin PBXVariantGroup section */
		58F8177F1F26F14400C7B26F /* Main.storyboard */ = {
			isa = PBXVariantGroup;
			children = (
				58F817801F26F14400C7B26F /* Base */,
			);
			name = Main.storyboard;
			sourceTree = "<group>";
		};
		58F817841F26F14500C7B26F /* LaunchScreen.storyboard */ = {
			isa = PBXVariantGroup;
			children = (
				58F817851F26F14500C7B26F /* Base */,
			);
			name = LaunchScreen.storyboard;
			sourceTree = "<group>";
		};
/* End PBXVariantGroup section */

/* Begin XCBuildConfiguration section */
		58F817881F26F14500C7B26F /* Debug */ = {
			isa = XCBuildConfiguration;
			buildSettings = {
				ALWAYS_SEARCH_USER_PATHS = NO;
				CLANG_ANALYZER_NONNULL = YES;
				CLANG_ANALYZER_NUMBER_OBJECT_CONVERSION = YES_AGGRESSIVE;
				CLANG_CXX_LANGUAGE_STANDARD = "gnu++0x";
				CLANG_CXX_LIBRARY = "libc++";
				CLANG_ENABLE_MODULES = YES;
				CLANG_ENABLE_OBJC_ARC = YES;
				CLANG_WARN_BOOL_CONVERSION = YES;
				CLANG_WARN_CONSTANT_CONVERSION = YES;
				CLANG_WARN_DIRECT_OBJC_ISA_USAGE = YES_ERROR;
				CLANG_WARN_DOCUMENTATION_COMMENTS = YES;
				CLANG_WARN_EMPTY_BODY = YES;
				CLANG_WARN_ENUM_CONVERSION = YES;
				CLANG_WARN_INFINITE_RECURSION = YES;
				CLANG_WARN_INT_CONVERSION = YES;
				CLANG_WARN_OBJC_ROOT_CLASS = YES_ERROR;
				CLANG_WARN_SUSPICIOUS_MOVE = YES;
				CLANG_WARN_UNREACHABLE_CODE = YES;
				CLANG_WARN__DUPLICATE_METHOD_MATCH = YES;
				"CODE_SIGN_IDENTITY[sdk=iphoneos*]" = "iPhone Developer";
				COPY_PHASE_STRIP = NO;
				DEBUG_INFORMATION_FORMAT = dwarf;
				ENABLE_STRICT_OBJC_MSGSEND = YES;
				ENABLE_TESTABILITY = YES;
				GCC_C_LANGUAGE_STANDARD = gnu99;
				GCC_DYNAMIC_NO_PIC = NO;
				GCC_NO_COMMON_BLOCKS = YES;
				GCC_OPTIMIZATION_LEVEL = 0;
				GCC_PREPROCESSOR_DEFINITIONS = (
					"DEBUG=1",
					"$(inherited)",
				);
				GCC_WARN_64_TO_32_BIT_CONVERSION = YES;
				GCC_WARN_ABOUT_RETURN_TYPE = YES_ERROR;
				GCC_WARN_UNDECLARED_SELECTOR = YES;
				GCC_WARN_UNINITIALIZED_AUTOS = YES_AGGRESSIVE;
				GCC_WARN_UNUSED_FUNCTION = YES;
				GCC_WARN_UNUSED_VARIABLE = YES;
				IPHONEOS_DEPLOYMENT_TARGET = 10.3;
				MTL_ENABLE_DEBUG_INFO = YES;
				ONLY_ACTIVE_ARCH = YES;
				SDKROOT = iphoneos;
			};
			name = Debug;
		};
		58F817891F26F14500C7B26F /* Release */ = {
			isa = XCBuildConfiguration;
			buildSettings = {
				ALWAYS_SEARCH_USER_PATHS = NO;
				CLANG_ANALYZER_NONNULL = YES;
				CLANG_ANALYZER_NUMBER_OBJECT_CONVERSION = YES_AGGRESSIVE;
				CLANG_CXX_LANGUAGE_STANDARD = "gnu++0x";
				CLANG_CXX_LIBRARY = "libc++";
				CLANG_ENABLE_MODULES = YES;
				CLANG_ENABLE_OBJC_ARC = YES;
				CLANG_WARN_BOOL_CONVERSION = YES;
				CLANG_WARN_CONSTANT_CONVERSION = YES;
				CLANG_WARN_DIRECT_OBJC_ISA_USAGE = YES_ERROR;
				CLANG_WARN_DOCUMENTATION_COMMENTS = YES;
				CLANG_WARN_EMPTY_BODY = YES;
				CLANG_WARN_ENUM_CONVERSION = YES;
				CLANG_WARN_INFINITE_RECURSION = YES;
				CLANG_WARN_INT_CONVERSION = YES;
				CLANG_WARN_OBJC_ROOT_CLASS = YES_ERROR;
				CLANG_WARN_SUSPICIOUS_MOVE = YES;
				CLANG_WARN_UNREACHABLE_CODE = YES;
				CLANG_WARN__DUPLICATE_METHOD_MATCH = YES;
				"CODE_SIGN_IDENTITY[sdk=iphoneos*]" = "iPhone Developer";
				COPY_PHASE_STRIP = NO;
				DEBUG_INFORMATION_FORMAT = "dwarf-with-dsym";
				ENABLE_NS_ASSERTIONS = NO;
				ENABLE_STRICT_OBJC_MSGSEND = YES;
				GCC_C_LANGUAGE_STANDARD = gnu99;
				GCC_NO_COMMON_BLOCKS = YES;
				GCC_WARN_64_TO_32_BIT_CONVERSION = YES;
				GCC_WARN_ABOUT_RETURN_TYPE = YES_ERROR;
				GCC_WARN_UNDECLARED_SELECTOR = YES;
				GCC_WARN_UNINITIALIZED_AUTOS = YES_AGGRESSIVE;
				GCC_WARN_UNUSED_FUNCTION = YES;
				GCC_WARN_UNUSED_VARIABLE = YES;
				IPHONEOS_DEPLOYMENT_TARGET = 10.3;
				MTL_ENABLE_DEBUG_INFO = NO;
				SDKROOT = iphoneos;
				VALIDATE_PRODUCT = YES;
			};
			name = Release;
		};
		58F8178B1F26F14500C7B26F /* Debug */ = {
			isa = XCBuildConfiguration;
			buildSettings = {
				ASSETCATALOG_COMPILER_APPICON_NAME = AppIcon;
				DEVELOPMENT_TEAM = NYG3WRTB5X;
				INFOPLIST_FILE = "圆弧界面/Info.plist";
				LD_RUNPATH_SEARCH_PATHS = "$(inherited) @executable_path/Frameworks";
				PRODUCT_BUNDLE_IDENTIFIER = "com.mm.----";
				PRODUCT_NAME = "$(TARGET_NAME)";
			};
			name = Debug;
		};
		58F8178C1F26F14500C7B26F /* Release */ = {
			isa = XCBuildConfiguration;
			buildSettings = {
				ASSETCATALOG_COMPILER_APPICON_NAME = AppIcon;
				DEVELOPMENT_TEAM = NYG3WRTB5X;
				INFOPLIST_FILE = "圆弧界面/Info.plist";
				LD_RUNPATH_SEARCH_PATHS = "$(inherited) @executable_path/Frameworks";
				PRODUCT_BUNDLE_IDENTIFIER = "com.mm.----";
				PRODUCT_NAME = "$(TARGET_NAME)";
			};
			name = Release;
		};
/* End XCBuildConfiguration section */

/* Begin XCConfigurationList section */
		58F8176E1F26F14300C7B26F /* Build configuration list for PBXProject "圆弧界面" */ = {
			isa = XCConfigurationList;
			buildConfigurations = (
				58F817881F26F14500C7B26F /* Debug */,
				58F817891F26F14500C7B26F /* Release */,
			);
			defaultConfigurationIsVisible = 0;
			defaultConfigurationName = Release;
		};
		58F8178A1F26F14500C7B26F /* Build configuration list for PBXNativeTarget "圆弧界面" */ = {
			isa = XCConfigurationList;
			buildConfigurations = (
				58F8178B1F26F14500C7B26F /* Debug */,
				58F8178C1F26F14500C7B26F /* Release */,
			);
			defaultConfigurationIsVisible = 0;
		};
/* End XCConfigurationList section */
	};
	rootObject = 58F8176B1F26F14300C7B26F /* Project object */;
}
